
Microsoft Visual Studio Solution File, Format Version 12.00
# Visual Studio Version 16
VisualStudioVersion = 16.0.29009.5
MinimumVisualStudioVersion = 10.0.40219.1
Project("{FAE04EC0-301F-11D3-BF4B-00C04F79EFBC}") = "moltenCore", "moltenCore\moltenCore.csproj", "{408A235C-7D86-4659-A5D6-30D8BAB10183}"
EndProject
Project("{2150E333-8FDC-42A3-9474-1A3956D46DE8}") = "Solution Items", "Solution Items", "{3E16EFBC-651A-484C-9397-875B44AC50A0}"
	ProjectSection(SolutionItems) = preProject
		.travis.yml = .travis.yml
	EndProjectSection
EndProject
Global
	GlobalSection(SolutionConfigurationPlatforms) = preSolution
		Debug|Any CPU = Debug|Any CPU
		Release|Any CPU = Release|Any CPU
	EndGlobalSection
	GlobalSection(ProjectConfigurationPlatforms) = postSolution
		{408A235C-7D86-4659-A5D6-30D8BAB10183}.Debug|Any CPU.ActiveCfg = Debug|Any CPU
		{408A235C-7D86-4659-A5D6-30D8BAB10183}.Debug|Any CPU.Build.0 = Debug|Any CPU
		{408A235C-7D86-4659-A5D6-30D8BAB10183}.Release|Any CPU.ActiveCfg = Release|Any CPU
		{408A235C-7D86-4659-A5D6-30D8BAB10183}.Release|Any CPU.Build.0 = Release|Any CPU
	EndGlobalSection
	GlobalSection(SolutionProperties) = preSolution
		HideSolutionNode = FALSE
	EndGlobalSection
	GlobalSection(ExtensibilityGlobals) = postSolution
		SolutionGuid = {646E2DDA-E4E4-4D5C-B8A6-A2F6E58501C6}
	EndGlobalSection
EndGlobal
